Microsoft Visual Studio Solution File, Format Version 12.00
# Visual Studio 15
VisualStudioVersion = 15.0.26430.15
MinimumVisualStudioVersion = 15.0.26124.0
Project("{9A19103F-16F7-4668-BE54-9A1E7A4F7556}") = "PactNet", "PactNet\PactNet.csproj", "{9583473A-21B2-4BBB-8492-C0FA8A07D1CB}"
EndProject
Project("{9A19103F-16F7-4668-BE54-9A1E7A4F7556}") = "PactNet.Tests", "PactNet.Tests\PactNet.Tests.csproj", "{740A9198-005B-4334-ACCF-2F5FECC6AD09}"
EndProject
Global
	GlobalSection(SolutionConfigurationPlatforms) = preSolution
		Debug|Any CPU = Debug|Any CPU
		Debug|x64 = Debug|x64
		Debug|x86 = Debug|x86
		Release|Any CPU = Release|Any CPU
		Release|x64 = Release|x64
		Release|x86 = Release|x86
	EndGlobalSection
	GlobalSection(ProjectConfigurationPlatforms) = postSolution
		{9583473A-21B2-4BBB-8492-C0FA8A07D1CB}.Debug|Any CPU.ActiveCfg = Debug|Any CPU
		{9583473A-21B2-4BBB-8492-C0FA8A07D1CB}.Debug|Any CPU.Build.0 = Debug|Any CPU
		{9583473A-21B2-4BBB-8492-C0FA8A07D1CB}.Debug|x64.ActiveCfg = Debug|Any CPU
		{9583473A-21B2-4BBB-8492-C0FA8A07D1CB}.Debug|x64.Build.0 = Debug|Any CPU
		{9583473A-21B2-4BBB-8492-C0FA8A07D1CB}.Debug|x86.ActiveCfg = Debug|Any CPU
		{9583473A-21B2-4BBB-8492-C0FA8A07D1CB}.Debug|x86.Build.0 = Debug|Any CPU
		{9583473A-21B2-4BBB-8492-C0FA8A07D1CB}.Release|Any CPU.ActiveCfg = Release|Any CPU
		{9583473A-21B2-4BBB-8492-C0FA8A07D1CB}.Release|Any CPU.Build.0 = Release|Any CPU
		{9583473A-21B2-4BBB-8492-C0FA8A07D1CB}.Release|x64.ActiveCfg = Release|Any CPU
		{9583473A-21B2-4BBB-8492-C0FA8A07D1CB}.Release|x64.Build.0 = Release|Any CPU
		{9583473A-21B2-4BBB-8492-C0FA8A07D1CB}.Release|x86.ActiveCfg = Release|Any CPU
		{9583473A-21B2-4BBB-8492-C0FA8A07D1CB}.Release|x86.Build.0 = Release|Any CPU
		{740A9198-005B-4334-ACCF-2F5FECC6AD09}.Debug|Any CPU.ActiveCfg = Debug|Any CPU
		{740A9198-005B-4334-ACCF-2F5FECC6AD09}.Debug|Any CPU.Build.0 = Debug|Any CPU
		{740A9198-005B-4334-ACCF-2F5FECC6AD09}.Debug|x64.ActiveCfg = Debug|Any CPU
		{740A9198-005B-4334-ACCF-2F5FECC6AD09}.Debug|x64.Build.0 = Debug|Any CPU
		{740A9198-005B-4334-ACCF-2F5FECC6AD09}.Debug|x86.ActiveCfg = Debug|Any CPU
		{740A9198-005B-4334-ACCF-2F5FECC6AD09}.Debug|x86.Build.0 = Debug|Any CPU
		{740A9198-005B-4334-ACCF-2F5FECC6AD09}.Release|Any CPU.ActiveCfg = Release|Any CPU
		{740A9198-005B-4334-ACCF-2F5FECC6AD09}.Release|Any CPU.Build.0 = Release|Any CPU
		{740A9198-005B-4334-ACCF-2F5FECC6AD09}.Release|x64.ActiveCfg = Release|Any CPU
		{740A9198-005B-4334-ACCF-2F5FECC6AD09}.Release|x64.Build.0 = Release|Any CPU
		{740A9198-005B-4334-ACCF-2F5FECC6AD09}.Release|x86.ActiveCfg = Release|Any CPU
		{740A9198-005B-4334-ACCF-2F5FECC6AD09}.Release|x86.Build.0 = Release|Any CPU
	EndGlobalSection
	GlobalSection(SolutionProperties) = preSolution
		HideSolutionNode = FALSE
	EndGlobalSection
EndGlobal
