
Microsoft Visual Studio Solution File, Format Version 12.00
# Visual Studio Version 16
VisualStudioVersion = 16.0.31229.75
MinimumVisualStudioVersion = 15.0.26124.0
Project("{2150E333-8FDC-42A3-9474-1A3956D46DE8}") = "samples", "samples", "{547DB478-460A-428F-9371-1D653CE85DB5}"
EndProject
Project("{2150E333-8FDC-42A3-9474-1A3956D46DE8}") = "EventApi", "EventApi", "{6663C12E-9912-40D0-9310-D119D1F6B023}"
EndProject
Project("{9A19103F-16F7-4668-BE54-9A1E7A4F7556}") = "Consumer", "samples\EventApi\Consumer\Consumer.csproj", "{1B9BAF2F-906B-4358-A1EF-AC79F7966B75}"
EndProject
Project("{9A19103F-16F7-4668-BE54-9A1E7A4F7556}") = "Consumer.Tests", "samples\EventApi\Consumer.Tests\Consumer.Tests.csproj", "{0A442FF6-4B8D-4E7E-8FE7-F7F37EB034B0}"
EndProject
Project("{2150E333-8FDC-42A3-9474-1A3956D46DE8}") = "src", "src", "{CF67D7A1-AE96-420B-9971-65E535B903E8}"
EndProject
Project("{9A19103F-16F7-4668-BE54-9A1E7A4F7556}") = "PactNet", "src\PactNet\PactNet.csproj", "{C16C70CE-B79E-4108-B94E-2F90CCC9327A}"
EndProject
Project("{9A19103F-16F7-4668-BE54-9A1E7A4F7556}") = "PactNet.Native", "src\PactNet.Native\PactNet.Native.csproj", "{39945550-12C5-4E3A-9EB7-4CE9BE769E7D}"
EndProject
Project("{9A19103F-16F7-4668-BE54-9A1E7A4F7556}") = "PactNet.Remote", "src\PactNet.Remote\PactNet.Remote.csproj", "{A1A6CADF-3529-4A73-948F-1A6319AFF3F1}"
EndProject
Project("{2150E333-8FDC-42A3-9474-1A3956D46DE8}") = "tests", "tests", "{A117BBC6-60BB-4282-BF10-E616DE0AFAD0}"
EndProject
Project("{9A19103F-16F7-4668-BE54-9A1E7A4F7556}") = "PactNet.Tests", "tests\PactNet.Tests\PactNet.Tests.csproj", "{38A651CF-3EBC-4F77-8EE3-F768E926FD9A}"
EndProject
Project("{9A19103F-16F7-4668-BE54-9A1E7A4F7556}") = "PactNet.Native.Tests", "tests\PactNet.Native.Tests\PactNet.Native.Tests.csproj", "{B8C8934E-9581-46D6-A728-BC5EAB9C06DD}"
EndProject
Project("{2150E333-8FDC-42A3-9474-1A3956D46DE8}") = "EventImporter", "EventImporter", "{4073DFB0-A715-4EE8-9AC6-EDF79765280B}"
EndProject
Project("{9A19103F-16F7-4668-BE54-9A1E7A4F7556}") = "Consumer", "samples\EventImporter\Consumer\Consumer.csproj", "{0FE393B1-EBC5-4C57-8614-58D77BEEE56D}"
EndProject
Project("{9A19103F-16F7-4668-BE54-9A1E7A4F7556}") = "Consumer.Tests", "samples\EventImporter\Consumer.Tests\Consumer.Tests.csproj", "{2EFBF6CB-5DCA-4FC4-9953-117CB721D827}"
EndProject
Project("{9A19103F-16F7-4668-BE54-9A1E7A4F7556}") = "Provider", "samples\EventApi\Provider\Provider.csproj", "{5E915D66-917B-4730-B31A-C9727C196346}"
EndProject
Project("{9A19103F-16F7-4668-BE54-9A1E7A4F7556}") = "Provider.Tests", "samples\EventApi\Provider.Tests\Provider.Tests.csproj", "{D8B75E48-6E45-468B-8049-B73823C14CB8}"
EndProject
Project("{9A19103F-16F7-4668-BE54-9A1E7A4F7556}") = "Provider", "samples\EventImporter\Provider\Provider.csproj", "{9072CEA0-884E-4944-A6BC-9E557E69BD41}"
EndProject
Project("{9A19103F-16F7-4668-BE54-9A1E7A4F7556}") = "Provider.Tests", "samples\EventImporter\Provider.Tests\Provider.Tests.csproj", "{4A090C3C-933F-4966-A4A3-E6406BCE41BC}"
EndProject
Global
	GlobalSection(SolutionConfigurationPlatforms) = preSolution
		Debug|Any CPU = Debug|Any CPU
		Debug|x64 = Debug|x64
		Debug|x86 = Debug|x86
		Release|Any CPU = Release|Any CPU
		Release|x64 = Release|x64
		Release|x86 = Release|x86
	EndGlobalSection
	GlobalSection(ProjectConfigurationPlatforms) = postSolution
		{1B9BAF2F-906B-4358-A1EF-AC79F7966B75}.Debug|Any CPU.ActiveCfg = Debug|Any CPU
		{1B9BAF2F-906B-4358-A1EF-AC79F7966B75}.Debug|Any CPU.Build.0 = Debug|Any CPU
		{1B9BAF2F-906B-4358-A1EF-AC79F7966B75}.Debug|x64.ActiveCfg = Debug|Any CPU
		{1B9BAF2F-906B-4358-A1EF-AC79F7966B75}.Debug|x64.Build.0 = Debug|Any CPU
		{1B9BAF2F-906B-4358-A1EF-AC79F7966B75}.Debug|x86.ActiveCfg = Debug|Any CPU
		{1B9BAF2F-906B-4358-A1EF-AC79F7966B75}.Debug|x86.Build.0 = Debug|Any CPU
		{1B9BAF2F-906B-4358-A1EF-AC79F7966B75}.Release|Any CPU.ActiveCfg = Release|Any CPU
		{1B9BAF2F-906B-4358-A1EF-AC79F7966B75}.Release|Any CPU.Build.0 = Release|Any CPU
		{1B9BAF2F-906B-4358-A1EF-AC79F7966B75}.Release|x64.ActiveCfg = Release|Any CPU
		{1B9BAF2F-906B-4358-A1EF-AC79F7966B75}.Release|x64.Build.0 = Release|Any CPU
		{1B9BAF2F-906B-4358-A1EF-AC79F7966B75}.Release|x86.ActiveCfg = Release|Any CPU
		{1B9BAF2F-906B-4358-A1EF-AC79F7966B75}.Release|x86.Build.0 = Release|Any CPU
		{0A442FF6-4B8D-4E7E-8FE7-F7F37EB034B0}.Debug|Any CPU.ActiveCfg = Debug|Any CPU
		{0A442FF6-4B8D-4E7E-8FE7-F7F37EB034B0}.Debug|Any CPU.Build.0 = Debug|Any CPU
		{0A442FF6-4B8D-4E7E-8FE7-F7F37EB034B0}.Debug|x64.ActiveCfg = Debug|Any CPU
		{0A442FF6-4B8D-4E7E-8FE7-F7F37EB034B0}.Debug|x64.Build.0 = Debug|Any CPU
		{0A442FF6-4B8D-4E7E-8FE7-F7F37EB034B0}.Debug|x86.ActiveCfg = Debug|Any CPU
		{0A442FF6-4B8D-4E7E-8FE7-F7F37EB034B0}.Debug|x86.Build.0 = Debug|Any CPU
		{0A442FF6-4B8D-4E7E-8FE7-F7F37EB034B0}.Release|Any CPU.ActiveCfg = Release|Any CPU
		{0A442FF6-4B8D-4E7E-8FE7-F7F37EB034B0}.Release|Any CPU.Build.0 = Release|Any CPU
		{0A442FF6-4B8D-4E7E-8FE7-F7F37EB034B0}.Release|x64.ActiveCfg = Release|Any CPU
		{0A442FF6-4B8D-4E7E-8FE7-F7F37EB034B0}.Release|x64.Build.0 = Release|Any CPU
		{0A442FF6-4B8D-4E7E-8FE7-F7F37EB034B0}.Release|x86.ActiveCfg = Release|Any CPU
		{0A442FF6-4B8D-4E7E-8FE7-F7F37EB034B0}.Release|x86.Build.0 = Release|Any CPU
		{C16C70CE-B79E-4108-B94E-2F90CCC9327A}.Debug|Any CPU.ActiveCfg = Debug|Any CPU
		{C16C70CE-B79E-4108-B94E-2F90CCC9327A}.Debug|Any CPU.Build.0 = Debug|Any CPU
		{C16C70CE-B79E-4108-B94E-2F90CCC9327A}.Debug|x64.ActiveCfg = Debug|Any CPU
		{C16C70CE-B79E-4108-B94E-2F90CCC9327A}.Debug|x64.Build.0 = Debug|Any CPU
		{C16C70CE-B79E-4108-B94E-2F90CCC9327A}.Debug|x86.ActiveCfg = Debug|Any CPU
		{C16C70CE-B79E-4108-B94E-2F90CCC9327A}.Debug|x86.Build.0 = Debug|Any CPU
		{C16C70CE-B79E-4108-B94E-2F90CCC9327A}.Release|Any CPU.ActiveCfg = Release|Any CPU
		{C16C70CE-B79E-4108-B94E-2F90CCC9327A}.Release|Any CPU.Build.0 = Release|Any CPU
		{C16C70CE-B79E-4108-B94E-2F90CCC9327A}.Release|x64.ActiveCfg = Release|Any CPU
		{C16C70CE-B79E-4108-B94E-2F90CCC9327A}.Release|x64.Build.0 = Release|Any CPU
		{C16C70CE-B79E-4108-B94E-2F90CCC9327A}.Release|x86.ActiveCfg = Release|Any CPU
		{C16C70CE-B79E-4108-B94E-2F90CCC9327A}.Release|x86.Build.0 = Release|Any CPU
		{39945550-12C5-4E3A-9EB7-4CE9BE769E7D}.Debug|Any CPU.ActiveCfg = Debug|Any CPU
		{39945550-12C5-4E3A-9EB7-4CE9BE769E7D}.Debug|Any CPU.Build.0 = Debug|Any CPU
		{39945550-12C5-4E3A-9EB7-4CE9BE769E7D}.Debug|x64.ActiveCfg = Debug|Any CPU
		{39945550-12C5-4E3A-9EB7-4CE9BE769E7D}.Debug|x64.Build.0 = Debug|Any CPU
		{39945550-12C5-4E3A-9EB7-4CE9BE769E7D}.Debug|x86.ActiveCfg = Debug|Any CPU
		{39945550-12C5-4E3A-9EB7-4CE9BE769E7D}.Debug|x86.Build.0 = Debug|Any CPU
		{39945550-12C5-4E3A-9EB7-4CE9BE769E7D}.Release|Any CPU.ActiveCfg = Release|Any CPU
		{39945550-12C5-4E3A-9EB7-4CE9BE769E7D}.Release|Any CPU.Build.0 = Release|Any CPU
		{39945550-12C5-4E3A-9EB7-4CE9BE769E7D}.Release|x64.ActiveCfg = Release|Any CPU
		{39945550-12C5-4E3A-9EB7-4CE9BE769E7D}.Release|x64.Build.0 = Release|Any CPU
		{39945550-12C5-4E3A-9EB7-4CE9BE769E7D}.Release|x86.ActiveCfg = Release|Any CPU
		{39945550-12C5-4E3A-9EB7-4CE9BE769E7D}.Release|x86.Build.0 = Release|Any CPU
		{A1A6CADF-3529-4A73-948F-1A6319AFF3F1}.Debug|Any CPU.ActiveCfg = Debug|Any CPU
		{A1A6CADF-3529-4A73-948F-1A6319AFF3F1}.Debug|Any CPU.Build.0 = Debug|Any CPU
		{A1A6CADF-3529-4A73-948F-1A6319AFF3F1}.Debug|x64.ActiveCfg = Debug|Any CPU
		{A1A6CADF-3529-4A73-948F-1A6319AFF3F1}.Debug|x64.Build.0 = Debug|Any CPU
		{A1A6CADF-3529-4A73-948F-1A6319AFF3F1}.Debug|x86.ActiveCfg = Debug|Any CPU
		{A1A6CADF-3529-4A73-948F-1A6319AFF3F1}.Debug|x86.Build.0 = Debug|Any CPU
		{A1A6CADF-3529-4A73-948F-1A6319AFF3F1}.Release|Any CPU.ActiveCfg = Release|Any CPU
		{A1A6CADF-3529-4A73-948F-1A6319AFF3F1}.Release|Any CPU.Build.0 = Release|Any CPU
		{A1A6CADF-3529-4A73-948F-1A6319AFF3F1}.Release|x64.ActiveCfg = Release|Any CPU
		{A1A6CADF-3529-4A73-948F-1A6319AFF3F1}.Release|x64.Build.0 = Release|Any CPU
		{A1A6CADF-3529-4A73-948F-1A6319AFF3F1}.Release|x86.ActiveCfg = Release|Any CPU
		{A1A6CADF-3529-4A73-948F-1A6319AFF3F1}.Release|x86.Build.0 = Release|Any CPU
		{38A651CF-3EBC-4F77-8EE3-F768E926FD9A}.Debug|Any CPU.ActiveCfg = Debug|Any CPU
		{38A651CF-3EBC-4F77-8EE3-F768E926FD9A}.Debug|Any CPU.Build.0 = Debug|Any CPU
		{38A651CF-3EBC-4F77-8EE3-F768E926FD9A}.Debug|x64.ActiveCfg = Debug|Any CPU
		{38A651CF-3EBC-4F77-8EE3-F768E926FD9A}.Debug|x64.Build.0 = Debug|Any CPU
		{38A651CF-3EBC-4F77-8EE3-F768E926FD9A}.Debug|x86.ActiveCfg = Debug|Any CPU
		{38A651CF-3EBC-4F77-8EE3-F768E926FD9A}.Debug|x86.Build.0 = Debug|Any CPU
		{38A651CF-3EBC-4F77-8EE3-F768E926FD9A}.Release|Any CPU.ActiveCfg = Release|Any CPU
		{38A651CF-3EBC-4F77-8EE3-F768E926FD9A}.Release|Any CPU.Build.0 = Release|Any CPU
		{38A651CF-3EBC-4F77-8EE3-F768E926FD9A}.Release|x64.ActiveCfg = Release|Any CPU
		{38A651CF-3EBC-4F77-8EE3-F768E926FD9A}.Release|x64.Build.0 = Release|Any CPU
		{38A651CF-3EBC-4F77-8EE3-F768E926FD9A}.Release|x86.ActiveCfg = Release|Any CPU
		{38A651CF-3EBC-4F77-8EE3-F768E926FD9A}.Release|x86.Build.0 = Release|Any CPU
		{B8C8934E-9581-46D6-A728-BC5EAB9C06DD}.Debug|Any CPU.ActiveCfg = Debug|Any CPU
		{B8C8934E-9581-46D6-A728-BC5EAB9C06DD}.Debug|Any CPU.Build.0 = Debug|Any CPU
		{B8C8934E-9581-46D6-A728-BC5EAB9C06DD}.Debug|x64.ActiveCfg = Debug|Any CPU
		{B8C8934E-9581-46D6-A728-BC5EAB9C06DD}.Debug|x64.Build.0 = Debug|Any CPU
		{B8C8934E-9581-46D6-A728-BC5EAB9C06DD}.Debug|x86.ActiveCfg = Debug|Any CPU
		{B8C8934E-9581-46D6-A728-BC5EAB9C06DD}.Debug|x86.Build.0 = Debug|Any CPU
		{B8C8934E-9581-46D6-A728-BC5EAB9C06DD}.Release|Any CPU.ActiveCfg = Release|Any CPU
		{B8C8934E-9581-46D6-A728-BC5EAB9C06DD}.Release|Any CPU.Build.0 = Release|Any CPU
		{B8C8934E-9581-46D6-A728-BC5EAB9C06DD}.Release|x64.ActiveCfg = Release|Any CPU
		{B8C8934E-9581-46D6-A728-BC5EAB9C06DD}.Release|x64.Build.0 = Release|Any CPU
		{B8C8934E-9581-46D6-A728-BC5EAB9C06DD}.Release|x86.ActiveCfg = Release|Any CPU
		{B8C8934E-9581-46D6-A728-BC5EAB9C06DD}.Release|x86.Build.0 = Release|Any CPU
		{0FE393B1-EBC5-4C57-8614-58D77BEEE56D}.Debug|Any CPU.ActiveCfg = Debug|Any CPU
		{0FE393B1-EBC5-4C57-8614-58D77BEEE56D}.Debug|Any CPU.Build.0 = Debug|Any CPU
		{0FE393B1-EBC5-4C57-8614-58D77BEEE56D}.Debug|x64.ActiveCfg = Debug|Any CPU
		{0FE393B1-EBC5-4C57-8614-58D77BEEE56D}.Debug|x64.Build.0 = Debug|Any CPU
		{0FE393B1-EBC5-4C57-8614-58D77BEEE56D}.Debug|x86.ActiveCfg = Debug|Any CPU
		{0FE393B1-EBC5-4C57-8614-58D77BEEE56D}.Debug|x86.Build.0 = Debug|Any CPU
		{0FE393B1-EBC5-4C57-8614-58D77BEEE56D}.Release|Any CPU.ActiveCfg = Release|Any CPU
		{0FE393B1-EBC5-4C57-8614-58D77BEEE56D}.Release|Any CPU.Build.0 = Release|Any CPU
		{0FE393B1-EBC5-4C57-8614-58D77BEEE56D}.Release|x64.ActiveCfg = Release|Any CPU
		{0FE393B1-EBC5-4C57-8614-58D77BEEE56D}.Release|x64.Build.0 = Release|Any CPU
		{0FE393B1-EBC5-4C57-8614-58D77BEEE56D}.Release|x86.ActiveCfg = Release|Any CPU
		{0FE393B1-EBC5-4C57-8614-58D77BEEE56D}.Release|x86.Build.0 = Release|Any CPU
		{2EFBF6CB-5DCA-4FC4-9953-117CB721D827}.Debug|Any CPU.ActiveCfg = Debug|Any CPU
		{2EFBF6CB-5DCA-4FC4-9953-117CB721D827}.Debug|Any CPU.Build.0 = Debug|Any CPU
		{2EFBF6CB-5DCA-4FC4-9953-117CB721D827}.Debug|x64.ActiveCfg = Debug|Any CPU
		{2EFBF6CB-5DCA-4FC4-9953-117CB721D827}.Debug|x64.Build.0 = Debug|Any CPU
		{2EFBF6CB-5DCA-4FC4-9953-117CB721D827}.Debug|x86.ActiveCfg = Debug|Any CPU
		{2EFBF6CB-5DCA-4FC4-9953-117CB721D827}.Debug|x86.Build.0 = Debug|Any CPU
		{2EFBF6CB-5DCA-4FC4-9953-117CB721D827}.Release|Any CPU.ActiveCfg = Release|Any CPU
		{2EFBF6CB-5DCA-4FC4-9953-117CB721D827}.Release|Any CPU.Build.0 = Release|Any CPU
		{2EFBF6CB-5DCA-4FC4-9953-117CB721D827}.Release|x64.ActiveCfg = Release|Any CPU
		{2EFBF6CB-5DCA-4FC4-9953-117CB721D827}.Release|x64.Build.0 = Release|Any CPU
		{2EFBF6CB-5DCA-4FC4-9953-117CB721D827}.Release|x86.ActiveCfg = Release|Any CPU
		{2EFBF6CB-5DCA-4FC4-9953-117CB721D827}.Release|x86.Build.0 = Release|Any CPU
		{5E915D66-917B-4730-B31A-C9727C196346}.Debug|Any CPU.ActiveCfg = Debug|Any CPU
		{5E915D66-917B-4730-B31A-C9727C196346}.Debug|Any CPU.Build.0 = Debug|Any CPU
		{5E915D66-917B-4730-B31A-C9727C196346}.Debug|x64.ActiveCfg = Debug|Any CPU
		{5E915D66-917B-4730-B31A-C9727C196346}.Debug|x64.Build.0 = Debug|Any CPU
		{5E915D66-917B-4730-B31A-C9727C196346}.Debug|x86.ActiveCfg = Debug|Any CPU
		{5E915D66-917B-4730-B31A-C9727C196346}.Debug|x86.Build.0 = Debug|Any CPU
		{5E915D66-917B-4730-B31A-C9727C196346}.Release|Any CPU.ActiveCfg = Release|Any CPU
		{5E915D66-917B-4730-B31A-C9727C196346}.Release|Any CPU.Build.0 = Release|Any CPU
		{5E915D66-917B-4730-B31A-C9727C196346}.Release|x64.ActiveCfg = Release|Any CPU
		{5E915D66-917B-4730-B31A-C9727C196346}.Release|x64.Build.0 = Release|Any CPU
		{5E915D66-917B-4730-B31A-C9727C196346}.Release|x86.ActiveCfg = Release|Any CPU
		{5E915D66-917B-4730-B31A-C9727C196346}.Release|x86.Build.0 = Release|Any CPU
		{D8B75E48-6E45-468B-8049-B73823C14CB8}.Debug|Any CPU.ActiveCfg = Debug|Any CPU
		{D8B75E48-6E45-468B-8049-B73823C14CB8}.Debug|Any CPU.Build.0 = Debug|Any CPU
		{D8B75E48-6E45-468B-8049-B73823C14CB8}.Debug|x64.ActiveCfg = Debug|Any CPU
		{D8B75E48-6E45-468B-8049-B73823C14CB8}.Debug|x64.Build.0 = Debug|Any CPU
		{D8B75E48-6E45-468B-8049-B73823C14CB8}.Debug|x86.ActiveCfg = Debug|Any CPU
		{D8B75E48-6E45-468B-8049-B73823C14CB8}.Debug|x86.Build.0 = Debug|Any CPU
		{D8B75E48-6E45-468B-8049-B73823C14CB8}.Release|Any CPU.ActiveCfg = Release|Any CPU
		{D8B75E48-6E45-468B-8049-B73823C14CB8}.Release|Any CPU.Build.0 = Release|Any CPU
		{D8B75E48-6E45-468B-8049-B73823C14CB8}.Release|x64.ActiveCfg = Release|Any CPU
		{D8B75E48-6E45-468B-8049-B73823C14CB8}.Release|x64.Build.0 = Release|Any CPU
		{D8B75E48-6E45-468B-8049-B73823C14CB8}.Release|x86.ActiveCfg = Release|Any CPU
		{D8B75E48-6E45-468B-8049-B73823C14CB8}.Release|x86.Build.0 = Release|Any CPU
		{9072CEA0-884E-4944-A6BC-9E557E69BD41}.Debug|Any CPU.ActiveCfg = Debug|Any CPU
		{9072CEA0-884E-4944-A6BC-9E557E69BD41}.Debug|Any CPU.Build.0 = Debug|Any CPU
		{9072CEA0-884E-4944-A6BC-9E557E69BD41}.Debug|x64.ActiveCfg = Debug|Any CPU
		{9072CEA0-884E-4944-A6BC-9E557E69BD41}.Debug|x64.Build.0 = Debug|Any CPU
		{9072CEA0-884E-4944-A6BC-9E557E69BD41}.Debug|x86.ActiveCfg = Debug|Any CPU
		{9072CEA0-884E-4944-A6BC-9E557E69BD41}.Debug|x86.Build.0 = Debug|Any CPU
		{9072CEA0-884E-4944-A6BC-9E557E69BD41}.Release|Any CPU.ActiveCfg = Release|Any CPU
		{9072CEA0-884E-4944-A6BC-9E557E69BD41}.Release|Any CPU.Build.0 = Release|Any CPU
		{9072CEA0-884E-4944-A6BC-9E557E69BD41}.Release|x64.ActiveCfg = Release|Any CPU
		{9072CEA0-884E-4944-A6BC-9E557E69BD41}.Release|x64.Build.0 = Release|Any CPU
		{9072CEA0-884E-4944-A6BC-9E557E69BD41}.Release|x86.ActiveCfg = Release|Any CPU
		{9072CEA0-884E-4944-A6BC-9E557E69BD41}.Release|x86.Build.0 = Release|Any CPU
		{4A090C3C-933F-4966-A4A3-E6406BCE41BC}.Debug|Any CPU.ActiveCfg = Debug|Any CPU
		{4A090C3C-933F-4966-A4A3-E6406BCE41BC}.Debug|Any CPU.Build.0 = Debug|Any CPU
		{4A090C3C-933F-4966-A4A3-E6406BCE41BC}.Debug|x64.ActiveCfg = Debug|Any CPU
		{4A090C3C-933F-4966-A4A3-E6406BCE41BC}.Debug|x64.Build.0 = Debug|Any CPU
		{4A090C3C-933F-4966-A4A3-E6406BCE41BC}.Debug|x86.ActiveCfg = Debug|Any CPU
		{4A090C3C-933F-4966-A4A3-E6406BCE41BC}.Debug|x86.Build.0 = Debug|Any CPU
		{4A090C3C-933F-4966-A4A3-E6406BCE41BC}.Release|Any CPU.ActiveCfg = Release|Any CPU
		{4A090C3C-933F-4966-A4A3-E6406BCE41BC}.Release|Any CPU.Build.0 = Release|Any CPU
		{4A090C3C-933F-4966-A4A3-E6406BCE41BC}.Release|x64.ActiveCfg = Release|Any CPU
		{4A090C3C-933F-4966-A4A3-E6406BCE41BC}.Release|x64.Build.0 = Release|Any CPU
		{4A090C3C-933F-4966-A4A3-E6406BCE41BC}.Release|x86.ActiveCfg = Release|Any CPU
		{4A090C3C-933F-4966-A4A3-E6406BCE41BC}.Release|x86.Build.0 = Release|Any CPU
	EndGlobalSection
	GlobalSection(SolutionProperties) = preSolution
		HideSolutionNode = FALSE
	EndGlobalSection
	GlobalSection(NestedProjects) = preSolution
		{6663C12E-9912-40D0-9310-D119D1F6B023} = {547DB478-460A-428F-9371-1D653CE85DB5}
		{1B9BAF2F-906B-4358-A1EF-AC79F7966B75} = {6663C12E-9912-40D0-9310-D119D1F6B023}
		{0A442FF6-4B8D-4E7E-8FE7-F7F37EB034B0} = {6663C12E-9912-40D0-9310-D119D1F6B023}
		{C16C70CE-B79E-4108-B94E-2F90CCC9327A} = {CF67D7A1-AE96-420B-9971-65E535B903E8}
		{39945550-12C5-4E3A-9EB7-4CE9BE769E7D} = {CF67D7A1-AE96-420B-9971-65E535B903E8}
		{A1A6CADF-3529-4A73-948F-1A6319AFF3F1} = {CF67D7A1-AE96-420B-9971-65E535B903E8}
		{38A651CF-3EBC-4F77-8EE3-F768E926FD9A} = {A117BBC6-60BB-4282-BF10-E616DE0AFAD0}
		{B8C8934E-9581-46D6-A728-BC5EAB9C06DD} = {A117BBC6-60BB-4282-BF10-E616DE0AFAD0}
		{4073DFB0-A715-4EE8-9AC6-EDF79765280B} = {547DB478-460A-428F-9371-1D653CE85DB5}
		{0FE393B1-EBC5-4C57-8614-58D77BEEE56D} = {4073DFB0-A715-4EE8-9AC6-EDF79765280B}
		{2EFBF6CB-5DCA-4FC4-9953-117CB721D827} = {4073DFB0-A715-4EE8-9AC6-EDF79765280B}
		{5E915D66-917B-4730-B31A-C9727C196346} = {6663C12E-9912-40D0-9310-D119D1F6B023}
		{D8B75E48-6E45-468B-8049-B73823C14CB8} = {6663C12E-9912-40D0-9310-D119D1F6B023}
		{9072CEA0-884E-4944-A6BC-9E557E69BD41} = {4073DFB0-A715-4EE8-9AC6-EDF79765280B}
		{4A090C3C-933F-4966-A4A3-E6406BCE41BC} = {4073DFB0-A715-4EE8-9AC6-EDF79765280B}
	EndGlobalSection
	GlobalSection(ExtensibilityGlobals) = postSolution
		SolutionGuid = {C2CBC30C-92D4-4E3A-A5B8-1E5D4E938DFC}
	EndGlobalSection
EndGlobal
